{
  "name": "@dhruv-techapps/acf-extension",
  "version": "3.2.14",
  "lockfileVersion": 1,
  "requires": true,
  "dependencies": {
    "@dhruv-techapps/acf-common": {
      "version": "3.1.4",
      "resolved": "https://npm.pkg.github.com/download/@dhruv-techapps/acf-common/3.1.4/2f94b31a7421c1f507822b9d96571a48f8120f2996974b62983e9615554bf052",
      "integrity": "sha512-grzjTN7wcQDkS42h/mp7uvEo0yCmURTGnOwDYSpbN+D8l/4qQCYvvyo0KK1u083gSGEJczqZAhKAiwdW++fhXA=="
    },
    "@dhruv-techapps/core-common": {
      "version": "3.0.5",
      "resolved": "https://npm.pkg.github.com/download/@dhruv-techapps/core-common/3.0.5/b958723cd7ca90c1ac8bf97a8651834397c785313d9290ea11bd35ab4025e7f4",
      "integrity": "sha512-HcFQ+RP590q1KBGeg2qMKVHufXbXMVYQ0QM84XWHt1ChYQvWlyTAxmjWczBvwbio0uFAc+s797Dj3lydyj6c+Q=="
    },
    "@dhruv-techapps/core-extension": {
      "version": "3.0.4",
      "resolved": "https://npm.pkg.github.com/download/@dhruv-techapps/core-extension/3.0.4/926332853289245765828a6e88710da4905205114bbd5116ecfe3da9adb410b2",
      "integrity": "sha512-K2D3sBSPZEJYfixEyilqtCyD63eGLgCRCqZR5iBefYaRPLT9zxggfCJRJwOPDuFkFOb8uJbfIs+gvfRO7mKaxA==",
      "requires": {
        "@dhruv-techapps/core-common": "^2.1.1",
        "eslint-plugin-json": "^3.1.0"
      },
      "dependencies": {
        "@dhruv-techapps/core-common": {
          "version": "2.1.1",
          "resolved": "https://npm.pkg.github.com/download/@dhruv-techapps/core-common/2.1.1/852a3c6bfc06a9b853ba20fedc5f2bd803fa995ccb5428a556c19531739ff751",
          "integrity": "sha512-8ITzwEBHOizljPb0znBByhkZ1QcD5pFOVliJjov1muFBsrWyB+JTIu+Ts1KXKVDVQv8bL35PvDR3hBSqgZxhHA=="
        },
        "eslint-plugin-json": {
          "version": "3.1.0",
          "resolved": "https://registry.npmjs.org/eslint-plugin-json/-/eslint-plugin-json-3.1.0.tgz",
          "integrity": "sha512-MrlG2ynFEHe7wDGwbUuFPsaT2b1uhuEFhJ+W1f1u+1C2EkXmTYJp4B1aAdQQ8M+CC3t//N/oRKiIVw14L2HR1g==",
          "requires": {
            "lodash": "^4.17.21",
            "vscode-json-languageservice": "^4.1.6"
          }
        }
      }
    },
    "jsonc-parser": {
      "version": "3.0.0",
      "resolved": "https://registry.npmjs.org/jsonc-parser/-/jsonc-parser-3.0.0.tgz",
      "integrity": "sha512-fQzRfAbIBnR0IQvftw9FJveWiHp72Fg20giDrHz6TdfB12UH/uue0D3hm57UB5KgAVuniLMCaS8P1IMj9NR7cA=="
    },
    "lodash": {
      "version": "4.17.21",
      "resolved": "https://registry.npmjs.org/lodash/-/lodash-4.17.21.tgz",
      "integrity": "sha512-v2kDEe57lecTulaDIuNTPy3Ry4gLGJ6Z1O3vE1krgXZNrsQ+LFTGHVxVjcXPs17LhbZVGedAJv8XZ1tvj5FvSg=="
    },
    "vscode-json-languageservice": {
      "version": "4.1.7",
      "resolved": "https://registry.npmjs.org/vscode-json-languageservice/-/vscode-json-languageservice-4.1.7.tgz",
      "integrity": "sha512-cwG5TwZyHYthsk2aS3W1dVgVP6Vwn3o+zscwN58uMgZt/nKuyxd9vdEB1F58Ix+S5kSKAnkUCP6hvulcoImQQQ==",
      "requires": {
        "jsonc-parser": "^3.0.0",
        "vscode-languageserver-textdocument": "^1.0.1",
        "vscode-languageserver-types": "^3.16.0",
        "vscode-nls": "^5.0.0",
        "vscode-uri": "^3.0.2"
      }
    },
    "vscode-languageserver-textdocument": {
      "version": "1.0.1",
      "resolved": "https://registry.npmjs.org/vscode-languageserver-textdocument/-/vscode-languageserver-textdocument-1.0.1.tgz",
      "integrity": "sha512-UIcJDjX7IFkck7cSkNNyzIz5FyvpQfY7sdzVy+wkKN/BLaD4DQ0ppXQrKePomCxTS7RrolK1I0pey0bG9eh8dA=="
    },
    "vscode-languageserver-types": {
      "version": "3.16.0",
      "resolved": "https://registry.npmjs.org/vscode-languageserver-types/-/vscode-languageserver-types-3.16.0.tgz",
      "integrity": "sha512-k8luDIWJWyenLc5ToFQQMaSrqCHiLwyKPHKPQZ5zz21vM+vIVUSvsRpcbiECH4WR88K2XZqc4ScRcZ7nk/jbeA=="
    },
    "vscode-nls": {
      "version": "5.0.0",
      "resolved": "https://registry.npmjs.org/vscode-nls/-/vscode-nls-5.0.0.tgz",
      "integrity": "sha512-u0Lw+IYlgbEJFF6/qAqG2d1jQmJl0eyAGJHoAJqr2HT4M2BNuQYSEiSE75f52pXHSJm8AlTjnLLbBFPrdz2hpA=="
    },
    "vscode-uri": {
      "version": "3.0.2",
      "resolved": "https://registry.npmjs.org/vscode-uri/-/vscode-uri-3.0.2.tgz",
      "integrity": "sha512-jkjy6pjU1fxUvI51P+gCsxg1u2n8LSt0W6KrCNQceaziKzff74GoWmjVG46KieVzybO1sttPQmYfrwSHey7GUA=="
    }
  }
}
